
Microsoft Visual Studio Solution File, Format Version 12.00
# Visual Studio Version 16
VisualStudioVersion = 16.0.30114.105
MinimumVisualStudioVersion = 10.0.40219.1
Project("{9A19103F-16F7-4668-BE54-9A1E7A4F7556}") = "Thermo Server WebApi", "Thermo Server\Thermo Server WebApi.csproj", "{06370B2B-7222-4DC0-A723-1B1D6CC2572B}"
EndProject
Project("{FAE04EC0-301F-11D3-BF4B-00C04F79EFBC}") = "Thermo Server Domain", "Thermo Server Domain\Thermo Server Domain.csproj", "{864AED78-6402-40A3-9643-1824BDB4FF4A}"
EndProject
Project("{FAE04EC0-301F-11D3-BF4B-00C04F79EFBC}") = "Thermo Server Raspberry", "Thermo Server Raspberry\Thermo Server Raspberry.csproj", "{09FCDFD6-79FA-47A3-840C-6F4702D326D0}"
EndProject
Global
	GlobalSection(SolutionConfigurationPlatforms) = preSolution
		Debug|Any CPU = Debug|Any CPU
		Release|Any CPU = Release|Any CPU
	EndGlobalSection
	GlobalSection(ProjectConfigurationPlatforms) = postSolution
		{06370B2B-7222-4DC0-A723-1B1D6CC2572B}.Debug|Any CPU.ActiveCfg = Debug|Any CPU
		{06370B2B-7222-4DC0-A723-1B1D6CC2572B}.Debug|Any CPU.Build.0 = Debug|Any CPU
		{06370B2B-7222-4DC0-A723-1B1D6CC2572B}.Release|Any CPU.ActiveCfg = Release|Any CPU
		{06370B2B-7222-4DC0-A723-1B1D6CC2572B}.Release|Any CPU.Build.0 = Release|Any CPU
		{864AED78-6402-40A3-9643-1824BDB4FF4A}.Debug|Any CPU.ActiveCfg = Debug|Any CPU
		{864AED78-6402-40A3-9643-1824BDB4FF4A}.Debug|Any CPU.Build.0 = Debug|Any CPU
		{864AED78-6402-40A3-9643-1824BDB4FF4A}.Release|Any CPU.ActiveCfg = Release|Any CPU
		{864AED78-6402-40A3-9643-1824BDB4FF4A}.Release|Any CPU.Build.0 = Release|Any CPU
		{09FCDFD6-79FA-47A3-840C-6F4702D326D0}.Debug|Any CPU.ActiveCfg = Debug|Any CPU
		{09FCDFD6-79FA-47A3-840C-6F4702D326D0}.Debug|Any CPU.Build.0 = Debug|Any CPU
		{09FCDFD6-79FA-47A3-840C-6F4702D326D0}.Release|Any CPU.ActiveCfg = Release|Any CPU
		{09FCDFD6-79FA-47A3-840C-6F4702D326D0}.Release|Any CPU.Build.0 = Release|Any CPU
	EndGlobalSection
	GlobalSection(SolutionProperties) = preSolution
		HideSolutionNode = FALSE
	EndGlobalSection
	GlobalSection(ExtensibilityGlobals) = postSolution
		SolutionGuid = {F12F5780-7DF4-4658-8C10-FC1C98BDB313}
	EndGlobalSection
EndGlobal
